
Microsoft Visual Studio Solution File, Format Version 12.00
# Visual Studio Version 16
VisualStudioVersion = 16.0.30907.101
MinimumVisualStudioVersion = 10.0.40219.1
Project("{FAE04EC0-301F-11D3-BF4B-00C04F79EFBC}") = "Extention01", "Extention01\Extention01.csproj", "{AEF395FC-B8A2-4813-ADAF-A25A6E022803}"
EndProject
Global
	GlobalSection(SolutionConfigurationPlatforms) = preSolution
		Debug|Any CPU = Debug|Any CPU
		Release|Any CPU = Release|Any CPU
	EndGlobalSection
	GlobalSection(ProjectConfigurationPlatforms) = postSolution
		{AEF395FC-B8A2-4813-ADAF-A25A6E022803}.Debug|Any CPU.ActiveCfg = Debug|Any CPU
		{AEF395FC-B8A2-4813-ADAF-A25A6E022803}.Debug|Any CPU.Build.0 = Debug|Any CPU
		{AEF395FC-B8A2-4813-ADAF-A25A6E022803}.Release|Any CPU.ActiveCfg = Release|Any CPU
		{AEF395FC-B8A2-4813-ADAF-A25A6E022803}.Release|Any CPU.Build.0 = Release|Any CPU
	EndGlobalSection
	GlobalSection(SolutionProperties) = preSolution
		HideSolutionNode = FALSE
	EndGlobalSection
	GlobalSection(ExtensibilityGlobals) = postSolution
		SolutionGuid = {CA38204D-2BD5-4268-BBB7-0B6E50E2E7F3}
	EndGlobalSection
EndGlobal
